
Microsoft Visual Studio Solution File, Format Version 12.00
# Visual Studio Version 17
VisualStudioVersion = 17.14.36603.0 d17.14
MinimumVisualStudioVersion = 10.0.40219.1
Project("{FAE04EC0-301F-11D3-BF4B-00C04F79EFBC}") = "MiniATM", "MiniATM\MiniATM.csproj", "{06364C51-A7FB-44D2-9538-BCB991AAD960}"
EndProject
Global
	GlobalSection(SolutionConfigurationPlatforms) = preSolution
		Debug|Any CPU = Debug|Any CPU
		Release|Any CPU = Release|Any CPU
	EndGlobalSection
	GlobalSection(ProjectConfigurationPlatforms) = postSolution
		{06364C51-A7FB-44D2-9538-BCB991AAD960}.Debug|Any CPU.ActiveCfg = Debug|Any CPU
		{06364C51-A7FB-44D2-9538-BCB991AAD960}.Debug|Any CPU.Build.0 = Debug|Any CPU
		{06364C51-A7FB-44D2-9538-BCB991AAD960}.Release|Any CPU.ActiveCfg = Release|Any CPU
		{06364C51-A7FB-44D2-9538-BCB991AAD960}.Release|Any CPU.Build.0 = Release|Any CPU
	EndGlobalSection
	GlobalSection(SolutionProperties) = preSolution
		HideSolutionNode = FALSE
	EndGlobalSection
	GlobalSection(ExtensibilityGlobals) = postSolution
		SolutionGuid = {2CEA1863-5BA9-403B-8649-3E9A91AB5636}
	EndGlobalSection
EndGlobal
